github.com/gobwas/glob v0.2.3 h1:A4xDbljILXROh+kObIiy5kIaPYD8e96x1tgBhUI5J+Y=
github.com/gobwas/glob v0.2.3/go.mod h1:d3Ez4x06l9bZtSvzIay5+Yzi0fmZzPgnTbPcKjJAkT8=
github.com/noclaps/applause v0.3.9 h1:WZP/tSuLLAU2zGWhxoseRaA3D8cVx4/SwLKYqS8YfoY=
github.com/noclaps/applause v0.3.9/go.mod h1:WCHCcU2it5cpL5ZQOG7pLYZOTM12cTu2x7NtTh3nnIc=
